
Microsoft Visual Studio Solution File, Format Version 12.00
# Visual Studio 14
VisualStudioVersion = 14.0.24720.0
MinimumVisualStudioVersion = 10.0.40219.1
Project("{2150E333-8FDC-42A3-9474-1A3956D46DE8}") = "Framework", "Framework", "{34CD5168-F829-4B56-B977-45B030B6E135}"
EndProject
Project("{FAE04EC0-301F-11D3-BF4B-00C04F79EFBC}") = "Nyx.AppSupport.Wpf", "..\src\Nyx.AppSupport.Wpf\Nyx.AppSupport.Wpf.csproj", "{301F8A6C-D18A-4F62-B30E-F9F2488C74E4}"
EndProject
Project("{FAE04EC0-301F-11D3-BF4B-00C04F79EFBC}") = "WpfSampleApplication", "WpfSampleApplication\WpfSampleApplication.csproj", "{515CFBA2-53A0-4272-A1EE-D8C8993B115A}"
EndProject
Project("{FAE04EC0-301F-11D3-BF4B-00C04F79EFBC}") = "Nyx.Framework", "..\src\Nyx.Framework\Nyx.Framework.csproj", "{19065A7D-FF32-4903-975C-B51E64DB33AD}"
EndProject
Project("{FAE04EC0-301F-11D3-BF4B-00C04F79EFBC}") = "Nyx.Framework.Tests", "..\src\Nyx.Framework.Tests\Nyx.Framework.Tests.csproj", "{2FD43FBB-1232-46F7-8E4D-C0C0C72247F4}"
EndProject
Global
	GlobalSection(SolutionConfigurationPlatforms) = preSolution
		Debug|Any CPU = Debug|Any CPU
		Release|Any CPU = Release|Any CPU
	EndGlobalSection
	GlobalSection(ProjectConfigurationPlatforms) = postSolution
		{301F8A6C-D18A-4F62-B30E-F9F2488C74E4}.Debug|Any CPU.ActiveCfg = Debug|Any CPU
		{301F8A6C-D18A-4F62-B30E-F9F2488C74E4}.Debug|Any CPU.Build.0 = Debug|Any CPU
		{301F8A6C-D18A-4F62-B30E-F9F2488C74E4}.Release|Any CPU.ActiveCfg = Release|Any CPU
		{301F8A6C-D18A-4F62-B30E-F9F2488C74E4}.Release|Any CPU.Build.0 = Release|Any CPU
		{515CFBA2-53A0-4272-A1EE-D8C8993B115A}.Debug|Any CPU.ActiveCfg = Debug|Any CPU
		{515CFBA2-53A0-4272-A1EE-D8C8993B115A}.Debug|Any CPU.Build.0 = Debug|Any CPU
		{515CFBA2-53A0-4272-A1EE-D8C8993B115A}.Release|Any CPU.ActiveCfg = Release|Any CPU
		{515CFBA2-53A0-4272-A1EE-D8C8993B115A}.Release|Any CPU.Build.0 = Release|Any CPU
		{19065A7D-FF32-4903-975C-B51E64DB33AD}.Debug|Any CPU.ActiveCfg = Debug|Any CPU
		{19065A7D-FF32-4903-975C-B51E64DB33AD}.Debug|Any CPU.Build.0 = Debug|Any CPU
		{19065A7D-FF32-4903-975C-B51E64DB33AD}.Release|Any CPU.ActiveCfg = Release|Any CPU
		{19065A7D-FF32-4903-975C-B51E64DB33AD}.Release|Any CPU.Build.0 = Release|Any CPU
		{2FD43FBB-1232-46F7-8E4D-C0C0C72247F4}.Debug|Any CPU.ActiveCfg = Debug|Any CPU
		{2FD43FBB-1232-46F7-8E4D-C0C0C72247F4}.Debug|Any CPU.Build.0 = Debug|Any CPU
		{2FD43FBB-1232-46F7-8E4D-C0C0C72247F4}.Release|Any CPU.ActiveCfg = Release|Any CPU
		{2FD43FBB-1232-46F7-8E4D-C0C0C72247F4}.Release|Any CPU.Build.0 = Release|Any CPU
	EndGlobalSection
	GlobalSection(SolutionProperties) = preSolution
		HideSolutionNode = FALSE
	EndGlobalSection
	GlobalSection(NestedProjects) = preSolution
		{301F8A6C-D18A-4F62-B30E-F9F2488C74E4} = {34CD5168-F829-4B56-B977-45B030B6E135}
		{19065A7D-FF32-4903-975C-B51E64DB33AD} = {34CD5168-F829-4B56-B977-45B030B6E135}
		{2FD43FBB-1232-46F7-8E4D-C0C0C72247F4} = {34CD5168-F829-4B56-B977-45B030B6E135}
	EndGlobalSection
EndGlobal
